
Microsoft Visual Studio Solution File, Format Version 12.00
# Visual Studio Version 16
VisualStudioVersion = 16.0.30114.105
MinimumVisualStudioVersion = 10.0.40219.1
Project("{FAE04EC0-301F-11D3-BF4B-00C04F79EFBC}") = "CommandsService", "CommandsService\CommandsService.csproj", "{5460E32A-5D10-4729-8928-83B250DD685D}"
EndProject
Project("{FAE04EC0-301F-11D3-BF4B-00C04F79EFBC}") = "PlatformService", "PlatformService\PlatformService.csproj", "{76645C3B-EFEB-4E91-BA46-FEE14A4A6ED3}"
EndProject
Project("{FAE04EC0-301F-11D3-BF4B-00C04F79EFBC}") = "PlatformService.Tests", "PlatformService.Tests\PlatformService.Tests.csproj", "{592E5771-7D2B-4225-BDDA-C7C46F2DCCAA}"
EndProject
Global
	GlobalSection(SolutionConfigurationPlatforms) = preSolution
		Debug|Any CPU = Debug|Any CPU
		Debug|x64 = Debug|x64
		Debug|x86 = Debug|x86
		Release|Any CPU = Release|Any CPU
		Release|x64 = Release|x64
		Release|x86 = Release|x86
	EndGlobalSection
	GlobalSection(SolutionProperties) = preSolution
		HideSolutionNode = FALSE
	EndGlobalSection
	GlobalSection(ProjectConfigurationPlatforms) = postSolution
		{5460E32A-5D10-4729-8928-83B250DD685D}.Debug|Any CPU.ActiveCfg = Debug|Any CPU
		{5460E32A-5D10-4729-8928-83B250DD685D}.Debug|Any CPU.Build.0 = Debug|Any CPU
		{5460E32A-5D10-4729-8928-83B250DD685D}.Debug|x64.ActiveCfg = Debug|Any CPU
		{5460E32A-5D10-4729-8928-83B250DD685D}.Debug|x64.Build.0 = Debug|Any CPU
		{5460E32A-5D10-4729-8928-83B250DD685D}.Debug|x86.ActiveCfg = Debug|Any CPU
		{5460E32A-5D10-4729-8928-83B250DD685D}.Debug|x86.Build.0 = Debug|Any CPU
		{5460E32A-5D10-4729-8928-83B250DD685D}.Release|Any CPU.ActiveCfg = Release|Any CPU
		{5460E32A-5D10-4729-8928-83B250DD685D}.Release|Any CPU.Build.0 = Release|Any CPU
		{5460E32A-5D10-4729-8928-83B250DD685D}.Release|x64.ActiveCfg = Release|Any CPU
		{5460E32A-5D10-4729-8928-83B250DD685D}.Release|x64.Build.0 = Release|Any CPU
		{5460E32A-5D10-4729-8928-83B250DD685D}.Release|x86.ActiveCfg = Release|Any CPU
		{5460E32A-5D10-4729-8928-83B250DD685D}.Release|x86.Build.0 = Release|Any CPU
		{76645C3B-EFEB-4E91-BA46-FEE14A4A6ED3}.Debug|Any CPU.ActiveCfg = Debug|Any CPU
		{76645C3B-EFEB-4E91-BA46-FEE14A4A6ED3}.Debug|Any CPU.Build.0 = Debug|Any CPU
		{76645C3B-EFEB-4E91-BA46-FEE14A4A6ED3}.Debug|x64.ActiveCfg = Debug|Any CPU
		{76645C3B-EFEB-4E91-BA46-FEE14A4A6ED3}.Debug|x64.Build.0 = Debug|Any CPU
		{76645C3B-EFEB-4E91-BA46-FEE14A4A6ED3}.Debug|x86.ActiveCfg = Debug|Any CPU
		{76645C3B-EFEB-4E91-BA46-FEE14A4A6ED3}.Debug|x86.Build.0 = Debug|Any CPU
		{76645C3B-EFEB-4E91-BA46-FEE14A4A6ED3}.Release|Any CPU.ActiveCfg = Release|Any CPU
		{76645C3B-EFEB-4E91-BA46-FEE14A4A6ED3}.Release|Any CPU.Build.0 = Release|Any CPU
		{76645C3B-EFEB-4E91-BA46-FEE14A4A6ED3}.Release|x64.ActiveCfg = Release|Any CPU
		{76645C3B-EFEB-4E91-BA46-FEE14A4A6ED3}.Release|x64.Build.0 = Release|Any CPU
		{76645C3B-EFEB-4E91-BA46-FEE14A4A6ED3}.Release|x86.ActiveCfg = Release|Any CPU
		{76645C3B-EFEB-4E91-BA46-FEE14A4A6ED3}.Release|x86.Build.0 = Release|Any CPU
		{592E5771-7D2B-4225-BDDA-C7C46F2DCCAA}.Debug|Any CPU.ActiveCfg = Debug|Any CPU
		{592E5771-7D2B-4225-BDDA-C7C46F2DCCAA}.Debug|Any CPU.Build.0 = Debug|Any CPU
		{592E5771-7D2B-4225-BDDA-C7C46F2DCCAA}.Debug|x64.ActiveCfg = Debug|Any CPU
		{592E5771-7D2B-4225-BDDA-C7C46F2DCCAA}.Debug|x64.Build.0 = Debug|Any CPU
		{592E5771-7D2B-4225-BDDA-C7C46F2DCCAA}.Debug|x86.ActiveCfg = Debug|Any CPU
		{592E5771-7D2B-4225-BDDA-C7C46F2DCCAA}.Debug|x86.Build.0 = Debug|Any CPU
		{592E5771-7D2B-4225-BDDA-C7C46F2DCCAA}.Release|Any CPU.ActiveCfg = Release|Any CPU
		{592E5771-7D2B-4225-BDDA-C7C46F2DCCAA}.Release|Any CPU.Build.0 = Release|Any CPU
		{592E5771-7D2B-4225-BDDA-C7C46F2DCCAA}.Release|x64.ActiveCfg = Release|Any CPU
		{592E5771-7D2B-4225-BDDA-C7C46F2DCCAA}.Release|x64.Build.0 = Release|Any CPU
		{592E5771-7D2B-4225-BDDA-C7C46F2DCCAA}.Release|x86.ActiveCfg = Release|Any CPU
		{592E5771-7D2B-4225-BDDA-C7C46F2DCCAA}.Release|x86.Build.0 = Release|Any CPU
	EndGlobalSection
EndGlobal
